// !$*UTF8*$!
{
	archiveVersion = 1;
	classes = {
	};
	objectVersion = 48;
	objects = {

/* Begin PBXBuildFile section */
		12F9F0741FE3297A00CBC8EB /* AppDelegate.swift in Sources */ = {isa = PBXBuildFile; fileRef = 12F9F0731FE3297A00CBC8EB /* AppDelegate.swift */; };
		12F9F0761FE3297A00CBC8EB /* ViewController.swift in Sources */ = {isa = PBXBuildFile; fileRef = 12F9F0751FE3297A00CBC8EB /* ViewController.swift */; };
		12F9F0791FE3297A00CBC8EB /* Main.storyboard in Resources */ = {isa = PBXBuildFile; fileRef = 12F9F0771FE3297A00CBC8EB /* Main.storyboard */; };
		12F9F07B1FE3297A00CBC8EB /* Assets.xcassets in Resources */ = {isa = PBXBuildFile; fileRef = 12F9F07A1FE3297A00CBC8EB /* Assets.xcassets */; };
		12F9F07E1FE3297A00CBC8EB /* LaunchScreen.storyboard in Resources */ = {isa = PBXBuildFile; fileRef = 12F9F07C1FE3297A00CBC8EB /* LaunchScreen.storyboard */; };
/* End PBXBuildFile section */

/* Begin PBXFileReference section */
		12F9F0701FE3297A00CBC8EB /* apple-health.app */ = {isa = PBXFileReference; explicitFileType = wrapper.application; includeInIndex = 0; path = "apple-health.app"; sourceTree = BUILT_PRODUCTS_DIR; };
		12F9F0731FE3297A00CBC8EB /* AppDelegate.swift */ = {isa = PBXFileReference; lastKnownFileType = sourcecode.swift; path = AppDelegate.swift; sourceTree = "<group>"; };
		12F9F0751FE3297A00CBC8EB /* ViewController.swift */ = {isa = PBXFileReference; lastKnownFileType = sourcecode.swift; path = ViewController.swift; sourceTree = "<group>"; };
		12F9F0781FE3297A00CBC8EB /* Base */ = {isa = PBXFileReference; lastKnownFileType = file.storyboard; name = Base; path = Base.lproj/Main.storyboard; sourceTree = "<group>"; };
		12F9F07A1FE3297A00CBC8EB /* Assets.xcassets */ = {isa = PBXFileReference; lastKnownFileType = folder.assetcatalog; path = Assets.xcassets; sourceTree = "<group>"; };
		12F9F07D1FE3297A00CBC8EB /* Base */ = {isa = PBXFileReference; lastKnownFileType = file.storyboard; name = Base; path = Base.lproj/LaunchScreen.storyboard; sourceTree = "<group>"; };
		12F9F07F1FE3297A00CBC8EB /* Info.plist */ = {isa = PBXFileReference; lastKnownFileType = text.plist.xml; path = Info.plist; sourceTree = "<group>"; };
/* End PBXFileReference section */

/* Begin PBXFrameworksBuildPhase section */
		12F9F06D1FE3297900CBC8EB /* Frameworks */ = {
			isa = PBXFrameworksBuildPhase;
			buildActionMask = 2147483647;
			files = (
			);
			runOnlyForDeploymentPostprocessing = 0;
		};
/* End PBXFrameworksBuildPhase section */

/* Begin PBXGroup section */
		12F9F0671FE3297900CBC8EB = {
			isa = PBXGroup;
			children = (
				12F9F0721FE3297A00CBC8EB /* apple-health */,
				12F9F0711FE3297A00CBC8EB /* Products */,
			);
			sourceTree = "<group>";
		};
		12F9F0711FE3297A00CBC8EB /* Products */ = {
			isa = PBXGroup;
			children = (
				12F9F0701FE3297A00CBC8EB /* apple-health.app */,
			);
			name = Products;
			sourceTree = "<group>";
		};
		12F9F0721FE3297A00CBC8EB /* apple-health */ = {
			isa = PBXGroup;
			children = (
				12F9F0731FE3297A00CBC8EB /* AppDelegate.swift */,
				12F9F0751FE3297A00CBC8EB /* ViewController.swift */,
				12F9F0771FE3297A00CBC8EB /* Main.storyboard */,
				12F9F07A1FE3297A00CBC8EB /* Assets.xcassets */,
				12F9F07C1FE3297A00CBC8EB /* LaunchScreen.storyboard */,
				12F9F07F1FE3297A00CBC8EB /* Info.plist */,
			);
			path = "apple-health";
			sourceTree = "<group>";
		};
/* End PBXGroup section */

/* Begin PBXNativeTarget section */
		12F9F06F1FE3297900CBC8EB /* apple-health */ = {
			isa = PBXNativeTarget;
			buildConfigurationList = 12F9F0821FE3297A00CBC8EB /* Build configuration list for PBXNativeTarget "apple-health" */;
			buildPhases = (
				12F9F06C1FE3297900CBC8EB /* Sources */,
				12F9F06D1FE3297900CBC8EB /* Frameworks */,
				12F9F06E1FE3297900CBC8EB /* Resources */,
			);
			buildRules = (
			);
			dependencies = (
			);
			name = "apple-health";
			productName = "apple-health";
			productReference = 12F9F0701FE3297A00CBC8EB /* apple-health.app */;
			productType = "com.apple.product-type.application";
		};
/* End PBXNativeTarget section */

/* Begin PBXProject section */
		12F9F0681FE3297900CBC8EB /* Project object */ = {
			isa = PBXProject;
			attributes = {
				LastSwiftUpdateCheck = 0920;
				LastUpgradeCheck = 0920;
				ORGANIZATIONNAME = "Vadim Dez";
				TargetAttributes = {
					12F9F06F1FE3297900CBC8EB = {
						CreatedOnToolsVersion = 9.2;
						ProvisioningStyle = Automatic;
					};
				};
			};
			buildConfigurationList = 12F9F06B1FE3297900CBC8EB /* Build configuration list for PBXProject "apple-health" */;
			compatibilityVersion = "Xcode 8.0";
			developmentRegion = en;
			hasScannedForEncodings = 0;
			knownRegions = (
				en,
				Base,
			);
			mainGroup = 12F9F0671FE3297900CBC8EB;
			productRefGroup = 12F9F0711FE3297A00CBC8EB /* Products */;
			projectDirPath = "";
			projectRoot = "";
			targets = (
				12F9F06F1FE3297900CBC8EB /* apple-health */,
			);
		};
/* End PBXProject section */

/* Begin PBXResourcesBuildPhase section */
		12F9F06E1FE3297900CBC8EB /* Resources */ = {
			isa = PBXResourcesBuildPhase;
			buildActionMask = 2147483647;
			files = (
				12F9F07E1FE3297A00CBC8EB /* LaunchScreen.storyboard in Resources */,
				12F9F07B1FE3297A00CBC8EB /* Assets.xcassets in Resources */,
				12F9F0791FE3297A00CBC8EB /* Main.storyboard in Resources */,
			);
			runOnlyForDeploymentPostprocessing = 0;
		};
/* End PBXResourcesBuildPhase section */

/* Begin PBXSourcesBuildPhase section */
		12F9F06C1FE3297900CBC8EB /* Sources */ = {
			isa = PBXSourcesBuildPhase;
			buildActionMask = 2147483647;
			files = (
				12F9F0761FE3297A00CBC8EB /* ViewController.swift in Sources */,
				12F9F0741FE3297A00CBC8EB /* AppDelegate.swift in Sources */,
			);
			runOnlyForDeploymentPostprocessing = 0;
		};
/* End PBXSourcesBuildPhase section */

/* Begin PBXVariantGroup section */
		12F9F0771FE3297A00CBC8EB /* Main.storyboard */ = {
			isa = PBXVariantGroup;
			children = (
				12F9F0781FE3297A00CBC8EB /* Base */,
			);
			name = Main.storyboard;
			sourceTree = "<group>";
		};
		12F9F07C1FE3297A00CBC8EB /* LaunchScreen.storyboard */ = {
			isa = PBXVariantGroup;
			children = (
				12F9F07D1FE3297A00CBC8EB /* Base */,
			);
			name = LaunchScreen.storyboard;
			sourceTree = "<group>";
		};
/* End PBXVariantGroup section */

/* Begin XCBuildConfiguration section */
		12F9F0801FE3297A00CBC8EB /* Debug */ = {
			isa = XCBuildConfiguration;
			buildSettings = {
				ALWAYS_SEARCH_USER_PATHS = NO;
				CLANG_ANALYZER_NONNULL = YES;
				CLANG_ANALYZER_NUMBER_OBJECT_CONVERSION = YES_AGGRESSIVE;
				CLANG_CXX_LANGUAGE_STANDARD = "gnu++14";
				CLANG_CXX_LIBRARY = "libc++";
				CLANG_ENABLE_MODULES = YES;
				CLANG_ENABLE_OBJC_ARC = YES;
				CLANG_WARN_BLOCK_CAPTURE_AUTORELEASING = YES;
				CLANG_WARN_BOOL_CONVERSION = YES;
				CLANG_WARN_COMMA = YES;
				CLANG_WARN_CONSTANT_CONVERSION = YES;
				CLANG_WARN_DIRECT_OBJC_ISA_USAGE = YES_ERROR;
				CLANG_WARN_DOCUMENTATION_COMMENTS = YES;
				CLANG_WARN_EMPTY_BODY = YES;
				CLANG_WARN_ENUM_CONVERSION = YES;
				CLANG_WARN_INFINITE_RECURSION = YES;
				CLANG_WARN_INT_CONVERSION = YES;
				CLANG_WARN_NON_LITERAL_NULL_CONVERSION = YES;
				CLANG_WARN_OBJC_LITERAL_CONVERSION = YES;
				CLANG_WARN_OBJC_ROOT_CLASS = YES_ERROR;
				CLANG_WARN_RANGE_LOOP_ANALYSIS = YES;
				CLANG_WARN_STRICT_PROTOTYPES = YES;
				CLANG_WARN_SUSPICIOUS_MOVE = YES;
				CLANG_WARN_UNGUARDED_AVAILABILITY = YES_AGGRESSIVE;
				CLANG_WARN_UNREACHABLE_CODE = YES;
				CLANG_WARN__DUPLICATE_METHOD_MATCH = YES;
				CODE_SIGN_IDENTITY = "iPhone Developer";
				COPY_PHASE_STRIP = NO;
				DEBUG_INFORMATION_FORMAT = dwarf;
				ENABLE_STRICT_OBJC_MSGSEND = YES;
				ENABLE_TESTABILITY = YES;
				GCC_C_LANGUAGE_STANDARD = gnu11;
				GCC_DYNAMIC_NO_PIC = NO;
				GCC_NO_COMMON_BLOCKS = YES;
				GCC_OPTIMIZATION_LEVEL = 0;
				GCC_PREPROCESSOR_DEFINITIONS = (
					"DEBUG=1",
					"$(inherited)",
				);
				GCC_WARN_64_TO_32_BIT_CONVERSION = YES;
				GCC_WARN_ABOUT_RETURN_TYPE = YES_ERROR;
				GCC_WARN_UNDECLARED_SELECTOR = YES;
				GCC_WARN_UNINITIALIZED_AUTOS = YES_AGGRESSIVE;
				GCC_WARN_UNUSED_FUNCTION = YES;
				GCC_WARN_UNUSED_VARIABLE = YES;
				IPHONEOS_DEPLOYMENT_TARGET = 11.2;
				MTL_ENABLE_DEBUG_INFO = YES;
				ONLY_ACTIVE_ARCH = YES;
				SDKROOT = iphoneos;
				SWIFT_ACTIVE_COMPILATION_CONDITIONS = DEBUG;
				SWIFT_OPTIMIZATION_LEVEL = "-Onone";
			};
			name = Debug;
		};
		12F9F0811FE3297A00CBC8EB /* Release */ = {
			isa = XCBuildConfiguration;
			buildSettings = {
				ALWAYS_SEARCH_USER_PATHS = NO;
				CLANG_ANALYZER_NONNULL = YES;
				CLANG_ANALYZER_NUMBER_OBJECT_CONVERSION = YES_AGGRESSIVE;
				CLANG_CXX_LANGUAGE_STANDARD = "gnu++14";
				CLANG_CXX_LIBRARY = "libc++";
				CLANG_ENABLE_MODULES = YES;
				CLANG_ENABLE_OBJC_ARC = YES;
				CLANG_WARN_BLOCK_CAPTURE_AUTORELEASING = YES;
				CLANG_WARN_BOOL_CONVERSION = YES;
				CLANG_WARN_COMMA = YES;
				CLANG_WARN_CONSTANT_CONVERSION = YES;
				CLANG_WARN_DIRECT_OBJC_ISA_USAGE = YES_ERROR;
				CLANG_WARN_DOCUMENTATION_COMMENTS = YES;
				CLANG_WARN_EMPTY_BODY = YES;
				CLANG_WARN_ENUM_CONVERSION = YES;
				CLANG_WARN_INFINITE_RECURSION = YES;
				CLANG_WARN_INT_CONVERSION = YES;
				CLANG_WARN_NON_LITERAL_NULL_CONVERSION = YES;
				CLANG_WARN_OBJC_LITERAL_CONVERSION = YES;
				CLANG_WARN_OBJC_ROOT_CLASS = YES_ERROR;
				CLANG_WARN_RANGE_LOOP_ANALYSIS = YES;
				CLANG_WARN_STRICT_PROTOTYPES = YES;
				CLANG_WARN_SUSPICIOUS_MOVE = YES;
				CLANG_WARN_UNGUARDED_AVAILABILITY = YES_AGGRESSIVE;
				CLANG_WARN_UNREACHABLE_CODE = YES;
				CLANG_WARN__DUPLICATE_METHOD_MATCH = YES;
				CODE_SIGN_IDENTITY = "iPhone Developer";
				COPY_PHASE_STRIP = NO;
				DEBUG_INFORMATION_FORMAT = "dwarf-with-dsym";
				ENABLE_NS_ASSERTIONS = NO;
				ENABLE_STRICT_OBJC_MSGSEND = YES;
				GCC_C_LANGUAGE_STANDARD = gnu11;
				GCC_NO_COMMON_BLOCKS = YES;
				GCC_WARN_64_TO_32_BIT_CONVERSION = YES;
				GCC_WARN_ABOUT_RETURN_TYPE = YES_ERROR;
				GCC_WARN_UNDECLARED_SELECTOR = YES;
				GCC_WARN_UNINITIALIZED_AUTOS = YES_AGGRESSIVE;
				GCC_WARN_UNUSED_FUNCTION = YES;
				GCC_WARN_UNUSED_VARIABLE = YES;
				IPHONEOS_DEPLOYMENT_TARGET = 11.2;
				MTL_ENABLE_DEBUG_INFO = NO;
				SDKROOT = iphoneos;
				SWIFT_OPTIMIZATION_LEVEL = "-Owholemodule";
				VALIDATE_PRODUCT = YES;
			};
			name = Release;
		};
		12F9F0831FE3297A00CBC8EB /* Debug */ = {
			isa = XCBuildConfiguration;
			buildSettings = {
				ASSETCATALOG_COMPILER_APPICON_NAME = AppIcon;
				CODE_SIGN_STYLE = Automatic;
				DEVELOPMENT_TEAM = 6CE9LVB24E;
				INFOPLIST_FILE = "apple-health/Info.plist";
				LD_RUNPATH_SEARCH_PATHS = "$(inherited) @executable_path/Frameworks";
				PRODUCT_BUNDLE_IDENTIFIER = "vadimdez.apple-health";
				PRODUCT_NAME = "$(TARGET_NAME)";
				SWIFT_VERSION = 4.0;
				TARGETED_DEVICE_FAMILY = "1,2";
			};
			name = Debug;
		};
		12F9F0841FE3297A00CBC8EB /* Release */ = {
			isa = XCBuildConfiguration;
			buildSettings = {
				ASSETCATALOG_COMPILER_APPICON_NAME = AppIcon;
				CODE_SIGN_STYLE = Automatic;
				DEVELOPMENT_TEAM = 6CE9LVB24E;
				INFOPLIST_FILE = "apple-health/Info.plist";
				LD_RUNPATH_SEARCH_PATHS = "$(inherited) @executable_path/Frameworks";
				PRODUCT_BUNDLE_IDENTIFIER = "vadimdez.apple-health";
				PRODUCT_NAME = "$(TARGET_NAME)";
				SWIFT_VERSION = 4.0;
				TARGETED_DEVICE_FAMILY = "1,2";
			};
			name = Release;
		};
/* End XCBuildConfiguration section */

/* Begin XCConfigurationList section */
		12F9F06B1FE3297900CBC8EB /* Build configuration list for PBXProject "apple-health" */ = {
			isa = XCConfigurationList;
			buildConfigurations = (
				12F9F0801FE3297A00CBC8EB /* Debug */,
				12F9F0811FE3297A00CBC8EB /* Release */,
			);
			defaultConfigurationIsVisible = 0;
			defaultConfigurationName = Release;
		};
		12F9F0821FE3297A00CBC8EB /* Build configuration list for PBXNativeTarget "apple-health" */ = {
			isa = XCConfigurationList;
			buildConfigurations = (
				12F9F0831FE3297A00CBC8EB /* Debug */,
				12F9F0841FE3297A00CBC8EB /* Release */,
			);
			defaultConfigurationIsVisible = 0;
			defaultConfigurationName = Release;
		};
/* End XCConfigurationList section */
	};
	rootObject = 12F9F0681FE3297900CBC8EB /* Project object */;
}
